
Microsoft Visual Studio Solution File, Format Version 12.00
# Visual Studio Version 17
VisualStudioVersion = 17.0.31903.59
MinimumVisualStudioVersion = 10.0.40219.1
Project("{FAE04EC0-301F-11D3-BF4B-00C04F79EFBC}") = "NonogramSolver", "NonogramSolver\NonogramSolver.csproj", "{441F582A-8D5C-4420-A7FC-D32C3BB39A46}"
EndProject
Project("{FAE04EC0-301F-11D3-BF4B-00C04F79EFBC}") = "NonogramSolver.Tests", "NonogramSolver.Tests\NonogramSolver.Tests.csproj", "{8EFE6C0C-13DF-496E-B8F2-86172835B94A}"
EndProject
Global
	GlobalSection(SolutionConfigurationPlatforms) = preSolution
		Debug|Any CPU = Debug|Any CPU
		Release|Any CPU = Release|Any CPU
	EndGlobalSection
	GlobalSection(SolutionProperties) = preSolution
		HideSolutionNode = FALSE
	EndGlobalSection
	GlobalSection(ProjectConfigurationPlatforms) = postSolution
		{441F582A-8D5C-4420-A7FC-D32C3BB39A46}.Debug|Any CPU.ActiveCfg = Debug|Any CPU
		{441F582A-8D5C-4420-A7FC-D32C3BB39A46}.Debug|Any CPU.Build.0 = Debug|Any CPU
		{441F582A-8D5C-4420-A7FC-D32C3BB39A46}.Release|Any CPU.ActiveCfg = Release|Any CPU
		{441F582A-8D5C-4420-A7FC-D32C3BB39A46}.Release|Any CPU.Build.0 = Release|Any CPU
		{8EFE6C0C-13DF-496E-B8F2-86172835B94A}.Debug|Any CPU.ActiveCfg = Debug|Any CPU
		{8EFE6C0C-13DF-496E-B8F2-86172835B94A}.Debug|Any CPU.Build.0 = Debug|Any CPU
		{8EFE6C0C-13DF-496E-B8F2-86172835B94A}.Release|Any CPU.ActiveCfg = Release|Any CPU
		{8EFE6C0C-13DF-496E-B8F2-86172835B94A}.Release|Any CPU.Build.0 = Release|Any CPU
	EndGlobalSection
EndGlobal
